// !$*UTF8*$!
{
	archiveVersion = 1;
	classes = {
	};
	objectVersion = 56;
	objects = {

/* Begin PBXBuildFile section */
		2AEA0BCC29763C0C006B72EF /* TaskManagementApp.swift in Sources */ = {isa = PBXBuildFile; fileRef = 2AEA0BCB29763C0C006B72EF /* TaskManagementApp.swift */; };
		2AEA0BCE29763C0C006B72EF /* ContentView.swift in Sources */ = {isa = PBXBuildFile; fileRef = 2AEA0BCD29763C0C006B72EF /* ContentView.swift */; };
		2AEA0BD029763C0C006B72EF /* Assets.xcassets in Resources */ = {isa = PBXBuildFile; fileRef = 2AEA0BCF29763C0C006B72EF /* Assets.xcassets */; };
		2AEA0BD429763C0C006B72EF /* Preview Assets.xcassets in Resources */ = {isa = PBXBuildFile; fileRef = 2AEA0BD329763C0C006B72EF /* Preview Assets.xcassets */; };
		2AEA0BDD29763CA7006B72EF /* HomeView.swift in Sources */ = {isa = PBXBuildFile; fileRef = 2AEA0BDC29763CA7006B72EF /* HomeView.swift */; };
		2AEA0BDF29763D83006B72EF /* Page.swift in Sources */ = {isa = PBXBuildFile; fileRef = 2AEA0BDE29763D83006B72EF /* Page.swift */; };
		2AEA0BE1297645D1006B72EF /* CalendarView.swift in Sources */ = {isa = PBXBuildFile; fileRef = 2AEA0BE0297645D1006B72EF /* CalendarView.swift */; };
		2AEA0BE32976473E006B72EF /* ReminderView.swift in Sources */ = {isa = PBXBuildFile; fileRef = 2AEA0BE22976473E006B72EF /* ReminderView.swift */; };
		2AEA0BE529765022006B72EF /* CreateEventView.swift in Sources */ = {isa = PBXBuildFile; fileRef = 2AEA0BE429765022006B72EF /* CreateEventView.swift */; };
		2AEA0BE729765299006B72EF /* EventManager.swift in Sources */ = {isa = PBXBuildFile; fileRef = 2AEA0BE629765299006B72EF /* EventManager.swift */; };
		2AEA0BE9297657B9006B72EF /* ReminderManager.swift in Sources */ = {isa = PBXBuildFile; fileRef = 2AEA0BE8297657B9006B72EF /* ReminderManager.swift */; };
		2AEA0BEB29765997006B72EF /* ClockView.swift in Sources */ = {isa = PBXBuildFile; fileRef = 2AEA0BEA29765997006B72EF /* ClockView.swift */; };
		2AEA0BED29765A5F006B72EF /* Event.swift in Sources */ = {isa = PBXBuildFile; fileRef = 2AEA0BEC29765A5F006B72EF /* Event.swift */; };
		2AEA0BF129765C23006B72EF /* MemoView.swift in Sources */ = {isa = PBXBuildFile; fileRef = 2AEA0BF029765C23006B72EF /* MemoView.swift */; };
		2AEA0BF3297664AA006B72EF /* SettingsView.swift in Sources */ = {isa = PBXBuildFile; fileRef = 2AEA0BF2297664AA006B72EF /* SettingsView.swift */; };
/* End PBXBuildFile section */

/* Begin PBXFileReference section */
		2AEA0BC829763C0C006B72EF /* TaskManagement.app */ = {isa = PBXFileReference; explicitFileType = wrapper.application; includeInIndex = 0; path = TaskManagement.app; sourceTree = BUILT_PRODUCTS_DIR; };
		2AEA0BCB29763C0C006B72EF /* TaskManagementApp.swift */ = {isa = PBXFileReference; lastKnownFileType = sourcecode.swift; path = TaskManagementApp.swift; sourceTree = "<group>"; };
		2AEA0BCD29763C0C006B72EF /* ContentView.swift */ = {isa = PBXFileReference; lastKnownFileType = sourcecode.swift; path = ContentView.swift; sourceTree = "<group>"; };
		2AEA0BCF29763C0C006B72EF /* Assets.xcassets */ = {isa = PBXFileReference; lastKnownFileType = folder.assetcatalog; path = Assets.xcassets; sourceTree = "<group>"; };
		2AEA0BD129763C0C006B72EF /* TaskManagement.entitlements */ = {isa = PBXFileReference; lastKnownFileType = text.plist.entitlements; path = TaskManagement.entitlements; sourceTree = "<group>"; };
		2AEA0BD329763C0C006B72EF /* Preview Assets.xcassets */ = {isa = PBXFileReference; lastKnownFileType = folder.assetcatalog; path = "Preview Assets.xcassets"; sourceTree = "<group>"; };
		2AEA0BDC29763CA7006B72EF /* HomeView.swift */ = {isa = PBXFileReference; lastKnownFileType = sourcecode.swift; path = HomeView.swift; sourceTree = "<group>"; };
		2AEA0BDE29763D83006B72EF /* Page.swift */ = {isa = PBXFileReference; lastKnownFileType = sourcecode.swift; path = Page.swift; sourceTree = "<group>"; };
		2AEA0BE0297645D1006B72EF /* CalendarView.swift */ = {isa = PBXFileReference; lastKnownFileType = sourcecode.swift; path = CalendarView.swift; sourceTree = "<group>"; };
		2AEA0BE22976473E006B72EF /* ReminderView.swift */ = {isa = PBXFileReference; lastKnownFileType = sourcecode.swift; path = ReminderView.swift; sourceTree = "<group>"; };
		2AEA0BE429765022006B72EF /* CreateEventView.swift */ = {isa = PBXFileReference; lastKnownFileType = sourcecode.swift; path = CreateEventView.swift; sourceTree = "<group>"; };
		2AEA0BE629765299006B72EF /* EventManager.swift */ = {isa = PBXFileReference; lastKnownFileType = sourcecode.swift; path = EventManager.swift; sourceTree = "<group>"; };
		2AEA0BE8297657B9006B72EF /* ReminderManager.swift */ = {isa = PBXFileReference; lastKnownFileType = sourcecode.swift; path = ReminderManager.swift; sourceTree = "<group>"; };
		2AEA0BEA29765997006B72EF /* ClockView.swift */ = {isa = PBXFileReference; lastKnownFileType = sourcecode.swift; path = ClockView.swift; sourceTree = "<group>"; };
		2AEA0BEC29765A5F006B72EF /* Event.swift */ = {isa = PBXFileReference; lastKnownFileType = sourcecode.swift; path = Event.swift; sourceTree = "<group>"; };
		2AEA0BF029765C23006B72EF /* MemoView.swift */ = {isa = PBXFileReference; lastKnownFileType = sourcecode.swift; path = MemoView.swift; sourceTree = "<group>"; };
		2AEA0BF2297664AA006B72EF /* SettingsView.swift */ = {isa = PBXFileReference; lastKnownFileType = sourcecode.swift; path = SettingsView.swift; sourceTree = "<group>"; };
/* End PBXFileReference section */

/* Begin PBXFrameworksBuildPhase section */
		2AEA0BC529763C0C006B72EF /* Frameworks */ = {
			isa = PBXFrameworksBuildPhase;
			buildActionMask = 2147483647;
			files = (
			);
			runOnlyForDeploymentPostprocessing = 0;
		};
/* End PBXFrameworksBuildPhase section */

/* Begin PBXGroup section */
		2AEA0BBF29763C0C006B72EF = {
			isa = PBXGroup;
			children = (
				2AEA0BCA29763C0C006B72EF /* TaskManagement */,
				2AEA0BC929763C0C006B72EF /* Products */,
			);
			sourceTree = "<group>";
		};
		2AEA0BC929763C0C006B72EF /* Products */ = {
			isa = PBXGroup;
			children = (
				2AEA0BC829763C0C006B72EF /* TaskManagement.app */,
			);
			name = Products;
			sourceTree = "<group>";
		};
		2AEA0BCA29763C0C006B72EF /* TaskManagement */ = {
			isa = PBXGroup;
			children = (
				2AEA0BCB29763C0C006B72EF /* TaskManagementApp.swift */,
				2AEA0BCD29763C0C006B72EF /* ContentView.swift */,
				2AEA0BDA29763C1B006B72EF /* View */,
				2AEA0BDB29763C24006B72EF /* Model */,
				2AEA0BCF29763C0C006B72EF /* Assets.xcassets */,
				2AEA0BD129763C0C006B72EF /* TaskManagement.entitlements */,
				2AEA0BD229763C0C006B72EF /* Preview Content */,
			);
			path = TaskManagement;
			sourceTree = "<group>";
		};
		2AEA0BD229763C0C006B72EF /* Preview Content */ = {
			isa = PBXGroup;
			children = (
				2AEA0BD329763C0C006B72EF /* Preview Assets.xcassets */,
			);
			path = "Preview Content";
			sourceTree = "<group>";
		};
		2AEA0BDA29763C1B006B72EF /* View */ = {
			isa = PBXGroup;
			children = (
				2AEA0BDC29763CA7006B72EF /* HomeView.swift */,
				2AEA0BEA29765997006B72EF /* ClockView.swift */,
				2AEA0BE0297645D1006B72EF /* CalendarView.swift */,
				2AEA0BE22976473E006B72EF /* ReminderView.swift */,
				2AEA0BF029765C23006B72EF /* MemoView.swift */,
				2AEA0BF2297664AA006B72EF /* SettingsView.swift */,
				2AEA0BE429765022006B72EF /* CreateEventView.swift */,
			);
			path = View;
			sourceTree = "<group>";
		};
		2AEA0BDB29763C24006B72EF /* Model */ = {
			isa = PBXGroup;
			children = (
				2AEA0BDE29763D83006B72EF /* Page.swift */,
				2AEA0BE629765299006B72EF /* EventManager.swift */,
				2AEA0BE8297657B9006B72EF /* ReminderManager.swift */,
				2AEA0BEC29765A5F006B72EF /* Event.swift */,
			);
			path = Model;
			sourceTree = "<group>";
		};
/* End PBXGroup section */

/* Begin PBXNativeTarget section */
		2AEA0BC729763C0C006B72EF /* TaskManagement */ = {
			isa = PBXNativeTarget;
			buildConfigurationList = 2AEA0BD729763C0C006B72EF /* Build configuration list for PBXNativeTarget "TaskManagement" */;
			buildPhases = (
				2AEA0BC429763C0C006B72EF /* Sources */,
				2AEA0BC529763C0C006B72EF /* Frameworks */,
				2AEA0BC629763C0C006B72EF /* Resources */,
			);
			buildRules = (
			);
			dependencies = (
			);
			name = TaskManagement;
			productName = TaskManagement;
			productReference = 2AEA0BC829763C0C006B72EF /* TaskManagement.app */;
			productType = "com.apple.product-type.application";
		};
/* End PBXNativeTarget section */

/* Begin PBXProject section */
		2AEA0BC029763C0C006B72EF /* Project object */ = {
			isa = PBXProject;
			attributes = {
				BuildIndependentTargetsInParallel = 1;
				LastSwiftUpdateCheck = 1420;
				LastUpgradeCheck = 1420;
				TargetAttributes = {
					2AEA0BC729763C0C006B72EF = {
						CreatedOnToolsVersion = 14.2;
					};
				};
			};
			buildConfigurationList = 2AEA0BC329763C0C006B72EF /* Build configuration list for PBXProject "TaskManagement" */;
			compatibilityVersion = "Xcode 14.0";
			developmentRegion = en;
			hasScannedForEncodings = 0;
			knownRegions = (
				en,
				Base,
			);
			mainGroup = 2AEA0BBF29763C0C006B72EF;
			productRefGroup = 2AEA0BC929763C0C006B72EF /* Products */;
			projectDirPath = "";
			projectRoot = "";
			targets = (
				2AEA0BC729763C0C006B72EF /* TaskManagement */,
			);
		};
/* End PBXProject section */

/* Begin PBXResourcesBuildPhase section */
		2AEA0BC629763C0C006B72EF /* Resources */ = {
			isa = PBXResourcesBuildPhase;
			buildActionMask = 2147483647;
			files = (
				2AEA0BD429763C0C006B72EF /* Preview Assets.xcassets in Resources */,
				2AEA0BD029763C0C006B72EF /* Assets.xcassets in Resources */,
			);
			runOnlyForDeploymentPostprocessing = 0;
		};
/* End PBXResourcesBuildPhase section */

/* Begin PBXSourcesBuildPhase section */
		2AEA0BC429763C0C006B72EF /* Sources */ = {
			isa = PBXSourcesBuildPhase;
			buildActionMask = 2147483647;
			files = (
				2AEA0BE9297657B9006B72EF /* ReminderManager.swift in Sources */,
				2AEA0BED29765A5F006B72EF /* Event.swift in Sources */,
				2AEA0BEB29765997006B72EF /* ClockView.swift in Sources */,
				2AEA0BE1297645D1006B72EF /* CalendarView.swift in Sources */,
				2AEA0BDD29763CA7006B72EF /* HomeView.swift in Sources */,
				2AEA0BE729765299006B72EF /* EventManager.swift in Sources */,
				2AEA0BE32976473E006B72EF /* ReminderView.swift in Sources */,
				2AEA0BCE29763C0C006B72EF /* ContentView.swift in Sources */,
				2AEA0BDF29763D83006B72EF /* Page.swift in Sources */,
				2AEA0BCC29763C0C006B72EF /* TaskManagementApp.swift in Sources */,
				2AEA0BF129765C23006B72EF /* MemoView.swift in Sources */,
				2AEA0BE529765022006B72EF /* CreateEventView.swift in Sources */,
				2AEA0BF3297664AA006B72EF /* SettingsView.swift in Sources */,
			);
			runOnlyForDeploymentPostprocessing = 0;
		};
/* End PBXSourcesBuildPhase section */

/* Begin XCBuildConfiguration section */
		2AEA0BD529763C0C006B72EF /* Debug */ = {
			isa = XCBuildConfiguration;
			buildSettings = {
				ALWAYS_SEARCH_USER_PATHS = NO;
				CLANG_ANALYZER_NONNULL = YES;
				CLANG_ANALYZER_NUMBER_OBJECT_CONVERSION = YES_AGGRESSIVE;
				CLANG_CXX_LANGUAGE_STANDARD = "gnu++20";
				CLANG_ENABLE_MODULES = YES;
				CLANG_ENABLE_OBJC_ARC = YES;
				CLANG_ENABLE_OBJC_WEAK = YES;
				CLANG_WARN_BLOCK_CAPTURE_AUTORELEASING = YES;
				CLANG_WARN_BOOL_CONVERSION = YES;
				CLANG_WARN_COMMA = YES;
				CLANG_WARN_CONSTANT_CONVERSION = YES;
				CLANG_WARN_DEPRECATED_OBJC_IMPLEMENTATIONS = YES;
				CLANG_WARN_DIRECT_OBJC_ISA_USAGE = YES_ERROR;
				CLANG_WARN_DOCUMENTATION_COMMENTS = YES;
				CLANG_WARN_EMPTY_BODY = YES;
				CLANG_WARN_ENUM_CONVERSION = YES;
				CLANG_WARN_INFINITE_RECURSION = YES;
				CLANG_WARN_INT_CONVERSION = YES;
				CLANG_WARN_NON_LITERAL_NULL_CONVERSION = YES;
				CLANG_WARN_OBJC_IMPLICIT_RETAIN_SELF = YES;
				CLANG_WARN_OBJC_LITERAL_CONVERSION = YES;
				CLANG_WARN_OBJC_ROOT_CLASS = YES_ERROR;
				CLANG_WARN_QUOTED_INCLUDE_IN_FRAMEWORK_HEADER = YES;
				CLANG_WARN_RANGE_LOOP_ANALYSIS = YES;
				CLANG_WARN_STRICT_PROTOTYPES = YES;
				CLANG_WARN_SUSPICIOUS_MOVE = YES;
				CLANG_WARN_UNGUARDED_AVAILABILITY = YES_AGGRESSIVE;
				CLANG_WARN_UNREACHABLE_CODE = YES;
				CLANG_WARN__DUPLICATE_METHOD_MATCH = YES;
				COPY_PHASE_STRIP = NO;
				DEBUG_INFORMATION_FORMAT = dwarf;
				ENABLE_STRICT_OBJC_MSGSEND = YES;
				ENABLE_TESTABILITY = YES;
				GCC_C_LANGUAGE_STANDARD = gnu11;
				GCC_DYNAMIC_NO_PIC = NO;
				GCC_NO_COMMON_BLOCKS = YES;
				GCC_OPTIMIZATION_LEVEL = 0;
				GCC_PREPROCESSOR_DEFINITIONS = (
					"DEBUG=1",
					"$(inherited)",
				);
				GCC_WARN_64_TO_32_BIT_CONVERSION = YES;
				GCC_WARN_ABOUT_RETURN_TYPE = YES_ERROR;
				GCC_WARN_UNDECLARED_SELECTOR = YES;
				GCC_WARN_UNINITIALIZED_AUTOS = YES_AGGRESSIVE;
				GCC_WARN_UNUSED_FUNCTION = YES;
				GCC_WARN_UNUSED_VARIABLE = YES;
				MTL_ENABLE_DEBUG_INFO = INCLUDE_SOURCE;
				MTL_FAST_MATH = YES;
				ONLY_ACTIVE_ARCH = YES;
				SWIFT_ACTIVE_COMPILATION_CONDITIONS = DEBUG;
				SWIFT_OPTIMIZATION_LEVEL = "-Onone";
			};
			name = Debug;
		};
		2AEA0BD629763C0C006B72EF /* Release */ = {
			isa = XCBuildConfiguration;
			buildSettings = {
				ALWAYS_SEARCH_USER_PATHS = NO;
				CLANG_ANALYZER_NONNULL = YES;
				CLANG_ANALYZER_NUMBER_OBJECT_CONVERSION = YES_AGGRESSIVE;
				CLANG_CXX_LANGUAGE_STANDARD = "gnu++20";
				CLANG_ENABLE_MODULES = YES;
				CLANG_ENABLE_OBJC_ARC = YES;
				CLANG_ENABLE_OBJC_WEAK = YES;
				CLANG_WARN_BLOCK_CAPTURE_AUTORELEASING = YES;
				CLANG_WARN_BOOL_CONVERSION = YES;
				CLANG_WARN_COMMA = YES;
				CLANG_WARN_CONSTANT_CONVERSION = YES;
				CLANG_WARN_DEPRECATED_OBJC_IMPLEMENTATIONS = YES;
				CLANG_WARN_DIRECT_OBJC_ISA_USAGE = YES_ERROR;
				CLANG_WARN_DOCUMENTATION_COMMENTS = YES;
				CLANG_WARN_EMPTY_BODY = YES;
				CLANG_WARN_ENUM_CONVERSION = YES;
				CLANG_WARN_INFINITE_RECURSION = YES;
				CLANG_WARN_INT_CONVERSION = YES;
				CLANG_WARN_NON_LITERAL_NULL_CONVERSION = YES;
				CLANG_WARN_OBJC_IMPLICIT_RETAIN_SELF = YES;
				CLANG_WARN_OBJC_LITERAL_CONVERSION = YES;
				CLANG_WARN_OBJC_ROOT_CLASS = YES_ERROR;
				CLANG_WARN_QUOTED_INCLUDE_IN_FRAMEWORK_HEADER = YES;
				CLANG_WARN_RANGE_LOOP_ANALYSIS = YES;
				CLANG_WARN_STRICT_PROTOTYPES = YES;
				CLANG_WARN_SUSPICIOUS_MOVE = YES;
				CLANG_WARN_UNGUARDED_AVAILABILITY = YES_AGGRESSIVE;
				CLANG_WARN_UNREACHABLE_CODE = YES;
				CLANG_WARN__DUPLICATE_METHOD_MATCH = YES;
				COPY_PHASE_STRIP = NO;
				DEBUG_INFORMATION_FORMAT = "dwarf-with-dsym";
				ENABLE_NS_ASSERTIONS = NO;
				ENABLE_STRICT_OBJC_MSGSEND = YES;
				GCC_C_LANGUAGE_STANDARD = gnu11;
				GCC_NO_COMMON_BLOCKS = YES;
				GCC_WARN_64_TO_32_BIT_CONVERSION = YES;
				GCC_WARN_ABOUT_RETURN_TYPE = YES_ERROR;
				GCC_WARN_UNDECLARED_SELECTOR = YES;
				GCC_WARN_UNINITIALIZED_AUTOS = YES_AGGRESSIVE;
				GCC_WARN_UNUSED_FUNCTION = YES;
				GCC_WARN_UNUSED_VARIABLE = YES;
				MTL_ENABLE_DEBUG_INFO = NO;
				MTL_FAST_MATH = YES;
				SWIFT_COMPILATION_MODE = wholemodule;
				SWIFT_OPTIMIZATION_LEVEL = "-O";
			};
			name = Release;
		};
		2AEA0BD829763C0C006B72EF /* Debug */ = {
			isa = XCBuildConfiguration;
			buildSettings = {
				ASSETCATALOG_COMPILER_APPICON_NAME = AppIcon;
				ASSETCATALOG_COMPILER_GLOBAL_ACCENT_COLOR_NAME = AccentColor;
				CODE_SIGN_ENTITLEMENTS = TaskManagement/TaskManagement.entitlements;
				CODE_SIGN_STYLE = Automatic;
				CURRENT_PROJECT_VERSION = 1;
				DEVELOPMENT_ASSET_PATHS = "\"TaskManagement/Preview Content\"";
				DEVELOPMENT_TEAM = BGS5U89ZQT;
				ENABLE_HARDENED_RUNTIME = YES;
				ENABLE_PREVIEWS = YES;
				GENERATE_INFOPLIST_FILE = YES;
				INFOPLIST_KEY_NSCalendarsUsageDescription = "カレンダーは、イベントの表示に使用されます。";
				INFOPLIST_KEY_NSRemindersUsageDescription = "リマインダーは、タスクの表示に使用されます。";
				"INFOPLIST_KEY_UIApplicationSceneManifest_Generation[sdk=iphoneos*]" = YES;
				"INFOPLIST_KEY_UIApplicationSceneManifest_Generation[sdk=iphonesimulator*]" = YES;
				"INFOPLIST_KEY_UIApplicationSupportsIndirectInputEvents[sdk=iphoneos*]" = YES;
				"INFOPLIST_KEY_UIApplicationSupportsIndirectInputEvents[sdk=iphonesimulator*]" = YES;
				"INFOPLIST_KEY_UILaunchScreen_Generation[sdk=iphoneos*]" = YES;
				"INFOPLIST_KEY_UILaunchScreen_Generation[sdk=iphonesimulator*]" = YES;
				"INFOPLIST_KEY_UIStatusBarStyle[sdk=iphoneos*]" = UIStatusBarStyleDefault;
				"INFOPLIST_KEY_UIStatusBarStyle[sdk=iphonesimulator*]" = UIStatusBarStyleDefault;
				INFOPLIST_KEY_UISupportedInterfaceOrientations_iPad = "UIInterfaceOrientationPortrait UIInterfaceOrientationPortraitUpsideDown UIInterfaceOrientationLandscapeLeft UIInterfaceOrientationLandscapeRight";
				INFOPLIST_KEY_UISupportedInterfaceOrientations_iPhone = "UIInterfaceOrientationPortrait UIInterfaceOrientationLandscapeLeft UIInterfaceOrientationLandscapeRight";
				IPHONEOS_DEPLOYMENT_TARGET = 16.2;
				LD_RUNPATH_SEARCH_PATHS = "@executable_path/Frameworks";
				"LD_RUNPATH_SEARCH_PATHS[sdk=macosx*]" = "@executable_path/../Frameworks";
				MACOSX_DEPLOYMENT_TARGET = 13.1;
				MARKETING_VERSION = 1.0;
				PRODUCT_BUNDLE_IDENTIFIER = "ryo-dev.TaskManagement";
				PRODUCT_NAME = "$(TARGET_NAME)";
				SDKROOT = auto;
				SUPPORTED_PLATFORMS = "iphoneos iphonesimulator";
				SUPPORTS_MACCATALYST = YES;
				SUPPORTS_MAC_DESIGNED_FOR_IPHONE_IPAD = YES;
				SWIFT_EMIT_LOC_STRINGS = YES;
				SWIFT_VERSION = 5.0;
				TARGETED_DEVICE_FAMILY = "1,2";
			};
			name = Debug;
		};
		2AEA0BD929763C0C006B72EF /* Release */ = {
			isa = XCBuildConfiguration;
			buildSettings = {
				ASSETCATALOG_COMPILER_APPICON_NAME = AppIcon;
				ASSETCATALOG_COMPILER_GLOBAL_ACCENT_COLOR_NAME = AccentColor;
				CODE_SIGN_ENTITLEMENTS = TaskManagement/TaskManagement.entitlements;
				CODE_SIGN_STYLE = Automatic;
				CURRENT_PROJECT_VERSION = 1;
				DEVELOPMENT_ASSET_PATHS = "\"TaskManagement/Preview Content\"";
				DEVELOPMENT_TEAM = BGS5U89ZQT;
				ENABLE_HARDENED_RUNTIME = YES;
				ENABLE_PREVIEWS = YES;
				GENERATE_INFOPLIST_FILE = YES;
				INFOPLIST_KEY_NSCalendarsUsageDescription = "カレンダーは、イベントの表示に使用されます。";
				INFOPLIST_KEY_NSRemindersUsageDescription = "リマインダーは、タスクの表示に使用されます。";
				"INFOPLIST_KEY_UIApplicationSceneManifest_Generation[sdk=iphoneos*]" = YES;
				"INFOPLIST_KEY_UIApplicationSceneManifest_Generation[sdk=iphonesimulator*]" = YES;
				"INFOPLIST_KEY_UIApplicationSupportsIndirectInputEvents[sdk=iphoneos*]" = YES;
				"INFOPLIST_KEY_UIApplicationSupportsIndirectInputEvents[sdk=iphonesimulator*]" = YES;
				"INFOPLIST_KEY_UILaunchScreen_Generation[sdk=iphoneos*]" = YES;
				"INFOPLIST_KEY_UILaunchScreen_Generation[sdk=iphonesimulator*]" = YES;
				"INFOPLIST_KEY_UIStatusBarStyle[sdk=iphoneos*]" = UIStatusBarStyleDefault;
				"INFOPLIST_KEY_UIStatusBarStyle[sdk=iphonesimulator*]" = UIStatusBarStyleDefault;
				INFOPLIST_KEY_UISupportedInterfaceOrientations_iPad = "UIInterfaceOrientationPortrait UIInterfaceOrientationPortraitUpsideDown UIInterfaceOrientationLandscapeLeft UIInterfaceOrientationLandscapeRight";
				INFOPLIST_KEY_UISupportedInterfaceOrientations_iPhone = "UIInterfaceOrientationPortrait UIInterfaceOrientationLandscapeLeft UIInterfaceOrientationLandscapeRight";
				IPHONEOS_DEPLOYMENT_TARGET = 16.2;
				LD_RUNPATH_SEARCH_PATHS = "@executable_path/Frameworks";
				"LD_RUNPATH_SEARCH_PATHS[sdk=macosx*]" = "@executable_path/../Frameworks";
				MACOSX_DEPLOYMENT_TARGET = 13.1;
				MARKETING_VERSION = 1.0;
				PRODUCT_BUNDLE_IDENTIFIER = "ryo-dev.TaskManagement";
				PRODUCT_NAME = "$(TARGET_NAME)";
				SDKROOT = auto;
				SUPPORTED_PLATFORMS = "iphoneos iphonesimulator";
				SUPPORTS_MACCATALYST = YES;
				SUPPORTS_MAC_DESIGNED_FOR_IPHONE_IPAD = YES;
				SWIFT_EMIT_LOC_STRINGS = YES;
				SWIFT_VERSION = 5.0;
				TARGETED_DEVICE_FAMILY = "1,2";
			};
			name = Release;
		};
/* End XCBuildConfiguration section */

/* Begin XCConfigurationList section */
		2AEA0BC329763C0C006B72EF /* Build configuration list for PBXProject "TaskManagement" */ = {
			isa = XCConfigurationList;
			buildConfigurations = (
				2AEA0BD529763C0C006B72EF /* Debug */,
				2AEA0BD629763C0C006B72EF /* Release */,
			);
			defaultConfigurationIsVisible = 0;
			defaultConfigurationName = Release;
		};
		2AEA0BD729763C0C006B72EF /* Build configuration list for PBXNativeTarget "TaskManagement" */ = {
			isa = XCConfigurationList;
			buildConfigurations = (
				2AEA0BD829763C0C006B72EF /* Debug */,
				2AEA0BD929763C0C006B72EF /* Release */,
			);
			defaultConfigurationIsVisible = 0;
			defaultConfigurationName = Release;
		};
/* End XCConfigurationList section */
	};
	rootObject = 2AEA0BC029763C0C006B72EF /* Project object */;
}
